
Microsoft Visual Studio Solution File, Format Version 12.00
# Visual Studio Version 17
VisualStudioVersion = 17.0.31903.59
MinimumVisualStudioVersion = 10.0.40219.1
Project("{2150E333-8FDC-42A3-9474-1A3956D46DE8}") = "src", "src", "{827E0CD3-B72D-47B6-A68D-7590B98EB39B}"
EndProject
Project("{FAE04EC0-301F-11D3-BF4B-00C04F79EFBC}") = "Accounting.Domain", "src\Accounting.Domain\Accounting.Domain.csproj", "{5883C473-72C6-4C2C-9EDC-71C6E542EF34}"
EndProject
Project("{FAE04EC0-301F-11D3-BF4B-00C04F79EFBC}") = "Accounting.Application", "src\Accounting.Application\Accounting.Application.csproj", "{66480CEF-4970-46B3-A527-5C7B75CCD6B3}"
EndProject
Project("{FAE04EC0-301F-11D3-BF4B-00C04F79EFBC}") = "Accounting.Infrastructure", "src\Accounting.Infrastructure\Accounting.Infrastructure.csproj", "{1945D4DF-B940-4E69-BC1D-4E3EA3E72A00}"
EndProject
Project("{FAE04EC0-301F-11D3-BF4B-00C04F79EFBC}") = "Accounting.API", "src\Accounting.API\Accounting.API.csproj", "{50473FE9-2320-4597-A078-5E3CC0B50412}"
EndProject
Project("{FAE04EC0-301F-11D3-BF4B-00C04F79EFBC}") = "Accounting.Domain.Tests", "tests\Accounting.Domain.Tests\Accounting.Domain.Tests.csproj", "{1A596BF9-1686-431A-9B12-A2DE8E2F543C}"
EndProject
Project("{FAE04EC0-301F-11D3-BF4B-00C04F79EFBC}") = "Accounting.Application.Tests", "tests\Accounting.Application.Tests\Accounting.Application.Tests.csproj", "{5077A71B-B885-4CA9-8D46-820DD0376277}"
EndProject
Project("{FAE04EC0-301F-11D3-BF4B-00C04F79EFBC}") = "Accounting.IntegrationTests", "tests\Accounting.IntegrationTests\Accounting.IntegrationTests.csproj", "{5B21D85B-E5C8-44F5-B21A-05EFE66A686F}"
EndProject
Project("{FAE04EC0-301F-11D3-BF4B-00C04F79EFBC}") = "Accounting.ContractTests", "tests\Accounting.ContractTests\Accounting.ContractTests.csproj", "{9D49D27B-104F-4717-999D-5E2D8B534139}"
EndProject
Global
	GlobalSection(SolutionConfigurationPlatforms) = preSolution
		Debug|Any CPU = Debug|Any CPU
		Debug|x64 = Debug|x64
		Debug|x86 = Debug|x86
		Release|Any CPU = Release|Any CPU
		Release|x64 = Release|x64
		Release|x86 = Release|x86
	EndGlobalSection
	GlobalSection(ProjectConfigurationPlatforms) = postSolution
		{5883C473-72C6-4C2C-9EDC-71C6E542EF34}.Debug|Any CPU.ActiveCfg = Debug|Any CPU
		{5883C473-72C6-4C2C-9EDC-71C6E542EF34}.Debug|Any CPU.Build.0 = Debug|Any CPU
		{5883C473-72C6-4C2C-9EDC-71C6E542EF34}.Debug|x64.ActiveCfg = Debug|Any CPU
		{5883C473-72C6-4C2C-9EDC-71C6E542EF34}.Debug|x64.Build.0 = Debug|Any CPU
		{5883C473-72C6-4C2C-9EDC-71C6E542EF34}.Debug|x86.ActiveCfg = Debug|Any CPU
		{5883C473-72C6-4C2C-9EDC-71C6E542EF34}.Debug|x86.Build.0 = Debug|Any CPU
		{5883C473-72C6-4C2C-9EDC-71C6E542EF34}.Release|Any CPU.ActiveCfg = Release|Any CPU
		{5883C473-72C6-4C2C-9EDC-71C6E542EF34}.Release|Any CPU.Build.0 = Release|Any CPU
		{5883C473-72C6-4C2C-9EDC-71C6E542EF34}.Release|x64.ActiveCfg = Release|Any CPU
		{5883C473-72C6-4C2C-9EDC-71C6E542EF34}.Release|x64.Build.0 = Release|Any CPU
		{5883C473-72C6-4C2C-9EDC-71C6E542EF34}.Release|x86.ActiveCfg = Release|Any CPU
		{5883C473-72C6-4C2C-9EDC-71C6E542EF34}.Release|x86.Build.0 = Release|Any CPU
		{66480CEF-4970-46B3-A527-5C7B75CCD6B3}.Debug|Any CPU.ActiveCfg = Debug|Any CPU
		{66480CEF-4970-46B3-A527-5C7B75CCD6B3}.Debug|Any CPU.Build.0 = Debug|Any CPU
		{66480CEF-4970-46B3-A527-5C7B75CCD6B3}.Debug|x64.ActiveCfg = Debug|Any CPU
		{66480CEF-4970-46B3-A527-5C7B75CCD6B3}.Debug|x64.Build.0 = Debug|Any CPU
		{66480CEF-4970-46B3-A527-5C7B75CCD6B3}.Debug|x86.ActiveCfg = Debug|Any CPU
		{66480CEF-4970-46B3-A527-5C7B75CCD6B3}.Debug|x86.Build.0 = Debug|Any CPU
		{66480CEF-4970-46B3-A527-5C7B75CCD6B3}.Release|Any CPU.ActiveCfg = Release|Any CPU
		{66480CEF-4970-46B3-A527-5C7B75CCD6B3}.Release|Any CPU.Build.0 = Release|Any CPU
		{66480CEF-4970-46B3-A527-5C7B75CCD6B3}.Release|x64.ActiveCfg = Release|Any CPU
		{66480CEF-4970-46B3-A527-5C7B75CCD6B3}.Release|x64.Build.0 = Release|Any CPU
		{66480CEF-4970-46B3-A527-5C7B75CCD6B3}.Release|x86.ActiveCfg = Release|Any CPU
		{66480CEF-4970-46B3-A527-5C7B75CCD6B3}.Release|x86.Build.0 = Release|Any CPU
		{1945D4DF-B940-4E69-BC1D-4E3EA3E72A00}.Debug|Any CPU.ActiveCfg = Debug|Any CPU
		{1945D4DF-B940-4E69-BC1D-4E3EA3E72A00}.Debug|Any CPU.Build.0 = Debug|Any CPU
		{1945D4DF-B940-4E69-BC1D-4E3EA3E72A00}.Debug|x64.ActiveCfg = Debug|Any CPU
		{1945D4DF-B940-4E69-BC1D-4E3EA3E72A00}.Debug|x64.Build.0 = Debug|Any CPU
		{1945D4DF-B940-4E69-BC1D-4E3EA3E72A00}.Debug|x86.ActiveCfg = Debug|Any CPU
		{1945D4DF-B940-4E69-BC1D-4E3EA3E72A00}.Debug|x86.Build.0 = Debug|Any CPU
		{1945D4DF-B940-4E69-BC1D-4E3EA3E72A00}.Release|Any CPU.ActiveCfg = Release|Any CPU
		{1945D4DF-B940-4E69-BC1D-4E3EA3E72A00}.Release|Any CPU.Build.0 = Release|Any CPU
		{1945D4DF-B940-4E69-BC1D-4E3EA3E72A00}.Release|x64.ActiveCfg = Release|Any CPU
		{1945D4DF-B940-4E69-BC1D-4E3EA3E72A00}.Release|x64.Build.0 = Release|Any CPU
		{1945D4DF-B940-4E69-BC1D-4E3EA3E72A00}.Release|x86.ActiveCfg = Release|Any CPU
		{1945D4DF-B940-4E69-BC1D-4E3EA3E72A00}.Release|x86.Build.0 = Release|Any CPU
		{50473FE9-2320-4597-A078-5E3CC0B50412}.Debug|Any CPU.ActiveCfg = Debug|Any CPU
		{50473FE9-2320-4597-A078-5E3CC0B50412}.Debug|Any CPU.Build.0 = Debug|Any CPU
		{50473FE9-2320-4597-A078-5E3CC0B50412}.Debug|x64.ActiveCfg = Debug|Any CPU
		{50473FE9-2320-4597-A078-5E3CC0B50412}.Debug|x64.Build.0 = Debug|Any CPU
		{50473FE9-2320-4597-A078-5E3CC0B50412}.Debug|x86.ActiveCfg = Debug|Any CPU
		{50473FE9-2320-4597-A078-5E3CC0B50412}.Debug|x86.Build.0 = Debug|Any CPU
		{50473FE9-2320-4597-A078-5E3CC0B50412}.Release|Any CPU.ActiveCfg = Release|Any CPU
		{50473FE9-2320-4597-A078-5E3CC0B50412}.Release|Any CPU.Build.0 = Release|Any CPU
		{50473FE9-2320-4597-A078-5E3CC0B50412}.Release|x64.ActiveCfg = Release|Any CPU
		{50473FE9-2320-4597-A078-5E3CC0B50412}.Release|x64.Build.0 = Release|Any CPU
		{50473FE9-2320-4597-A078-5E3CC0B50412}.Release|x86.ActiveCfg = Release|Any CPU
		{50473FE9-2320-4597-A078-5E3CC0B50412}.Release|x86.Build.0 = Release|Any CPU
		{1A596BF9-1686-431A-9B12-A2DE8E2F543C}.Debug|Any CPU.ActiveCfg = Debug|Any CPU
		{1A596BF9-1686-431A-9B12-A2DE8E2F543C}.Debug|Any CPU.Build.0 = Debug|Any CPU
		{1A596BF9-1686-431A-9B12-A2DE8E2F543C}.Debug|x64.ActiveCfg = Debug|Any CPU
		{1A596BF9-1686-431A-9B12-A2DE8E2F543C}.Debug|x64.Build.0 = Debug|Any CPU
		{1A596BF9-1686-431A-9B12-A2DE8E2F543C}.Debug|x86.ActiveCfg = Debug|Any CPU
		{1A596BF9-1686-431A-9B12-A2DE8E2F543C}.Debug|x86.Build.0 = Debug|Any CPU
		{1A596BF9-1686-431A-9B12-A2DE8E2F543C}.Release|Any CPU.ActiveCfg = Release|Any CPU
		{1A596BF9-1686-431A-9B12-A2DE8E2F543C}.Release|Any CPU.Build.0 = Release|Any CPU
		{1A596BF9-1686-431A-9B12-A2DE8E2F543C}.Release|x64.ActiveCfg = Release|Any CPU
		{1A596BF9-1686-431A-9B12-A2DE8E2F543C}.Release|x64.Build.0 = Release|Any CPU
		{1A596BF9-1686-431A-9B12-A2DE8E2F543C}.Release|x86.ActiveCfg = Release|Any CPU
		{1A596BF9-1686-431A-9B12-A2DE8E2F543C}.Release|x86.Build.0 = Release|Any CPU
		{5077A71B-B885-4CA9-8D46-820DD0376277}.Debug|Any CPU.ActiveCfg = Debug|Any CPU
		{5077A71B-B885-4CA9-8D46-820DD0376277}.Debug|Any CPU.Build.0 = Debug|Any CPU
		{5077A71B-B885-4CA9-8D46-820DD0376277}.Debug|x64.ActiveCfg = Debug|Any CPU
		{5077A71B-B885-4CA9-8D46-820DD0376277}.Debug|x64.Build.0 = Debug|Any CPU
		{5077A71B-B885-4CA9-8D46-820DD0376277}.Debug|x86.ActiveCfg = Debug|Any CPU
		{5077A71B-B885-4CA9-8D46-820DD0376277}.Debug|x86.Build.0 = Debug|Any CPU
		{5077A71B-B885-4CA9-8D46-820DD0376277}.Release|Any CPU.ActiveCfg = Release|Any CPU
		{5077A71B-B885-4CA9-8D46-820DD0376277}.Release|Any CPU.Build.0 = Release|Any CPU
		{5077A71B-B885-4CA9-8D46-820DD0376277}.Release|x64.ActiveCfg = Release|Any CPU
		{5077A71B-B885-4CA9-8D46-820DD0376277}.Release|x64.Build.0 = Release|Any CPU
		{5077A71B-B885-4CA9-8D46-820DD0376277}.Release|x86.ActiveCfg = Release|Any CPU
		{5077A71B-B885-4CA9-8D46-820DD0376277}.Release|x86.Build.0 = Release|Any CPU
		{5B21D85B-E5C8-44F5-B21A-05EFE66A686F}.Debug|Any CPU.ActiveCfg = Debug|Any CPU
		{5B21D85B-E5C8-44F5-B21A-05EFE66A686F}.Debug|Any CPU.Build.0 = Debug|Any CPU
		{5B21D85B-E5C8-44F5-B21A-05EFE66A686F}.Debug|x64.ActiveCfg = Debug|Any CPU
		{5B21D85B-E5C8-44F5-B21A-05EFE66A686F}.Debug|x64.Build.0 = Debug|Any CPU
		{5B21D85B-E5C8-44F5-B21A-05EFE66A686F}.Debug|x86.ActiveCfg = Debug|Any CPU
		{5B21D85B-E5C8-44F5-B21A-05EFE66A686F}.Debug|x86.Build.0 = Debug|Any CPU
		{5B21D85B-E5C8-44F5-B21A-05EFE66A686F}.Release|Any CPU.ActiveCfg = Release|Any CPU
		{5B21D85B-E5C8-44F5-B21A-05EFE66A686F}.Release|Any CPU.Build.0 = Release|Any CPU
		{5B21D85B-E5C8-44F5-B21A-05EFE66A686F}.Release|x64.ActiveCfg = Release|Any CPU
		{5B21D85B-E5C8-44F5-B21A-05EFE66A686F}.Release|x64.Build.0 = Release|Any CPU
		{5B21D85B-E5C8-44F5-B21A-05EFE66A686F}.Release|x86.ActiveCfg = Release|Any CPU
		{5B21D85B-E5C8-44F5-B21A-05EFE66A686F}.Release|x86.Build.0 = Release|Any CPU
		{9D49D27B-104F-4717-999D-5E2D8B534139}.Debug|Any CPU.ActiveCfg = Debug|Any CPU
		{9D49D27B-104F-4717-999D-5E2D8B534139}.Debug|Any CPU.Build.0 = Debug|Any CPU
		{9D49D27B-104F-4717-999D-5E2D8B534139}.Debug|x64.ActiveCfg = Debug|Any CPU
		{9D49D27B-104F-4717-999D-5E2D8B534139}.Debug|x64.Build.0 = Debug|Any CPU
		{9D49D27B-104F-4717-999D-5E2D8B534139}.Debug|x86.ActiveCfg = Debug|Any CPU
		{9D49D27B-104F-4717-999D-5E2D8B534139}.Debug|x86.Build.0 = Debug|Any CPU
		{9D49D27B-104F-4717-999D-5E2D8B534139}.Release|Any CPU.ActiveCfg = Release|Any CPU
		{9D49D27B-104F-4717-999D-5E2D8B534139}.Release|Any CPU.Build.0 = Release|Any CPU
		{9D49D27B-104F-4717-999D-5E2D8B534139}.Release|x64.ActiveCfg = Release|Any CPU
		{9D49D27B-104F-4717-999D-5E2D8B534139}.Release|x64.Build.0 = Release|Any CPU
		{9D49D27B-104F-4717-999D-5E2D8B534139}.Release|x86.ActiveCfg = Release|Any CPU
		{9D49D27B-104F-4717-999D-5E2D8B534139}.Release|x86.Build.0 = Release|Any CPU
	EndGlobalSection
	GlobalSection(SolutionProperties) = preSolution
		HideSolutionNode = FALSE
	EndGlobalSection
	GlobalSection(NestedProjects) = preSolution
		{5883C473-72C6-4C2C-9EDC-71C6E542EF34} = {827E0CD3-B72D-47B6-A68D-7590B98EB39B}
		{66480CEF-4970-46B3-A527-5C7B75CCD6B3} = {827E0CD3-B72D-47B6-A68D-7590B98EB39B}
		{1945D4DF-B940-4E69-BC1D-4E3EA3E72A00} = {827E0CD3-B72D-47B6-A68D-7590B98EB39B}
		{50473FE9-2320-4597-A078-5E3CC0B50412} = {827E0CD3-B72D-47B6-A68D-7590B98EB39B}
		{1A596BF9-1686-431A-9B12-A2DE8E2F543C} = {827E0CD3-B72D-47B6-A68D-7590B98EB39B}
		{5077A71B-B885-4CA9-8D46-820DD0376277} = {827E0CD3-B72D-47B6-A68D-7590B98EB39B}
		{5B21D85B-E5C8-44F5-B21A-05EFE66A686F} = {827E0CD3-B72D-47B6-A68D-7590B98EB39B}
		{9D49D27B-104F-4717-999D-5E2D8B534139} = {827E0CD3-B72D-47B6-A68D-7590B98EB39B}
	EndGlobalSection
EndGlobal
